// !$*UTF8*$!
{
	archiveVersion = 1;
	classes = {
	};
	objectVersion = 46;
	objects = {

/* Begin PBXBuildFile section */
		36CD29D71CCF19BF00F98AE2 /* AppDelegate.swift in Sources */ = {isa = PBXBuildFile; fileRef = 36CD29D61CCF19BF00F98AE2 /* AppDelegate.swift */; };
		36CD29D91CCF19BF00F98AE2 /* ViewController.swift in Sources */ = {isa = PBXBuildFile; fileRef = 36CD29D81CCF19BF00F98AE2 /* ViewController.swift */; };
		36CD29DC1CCF19BF00F98AE2 /* Main.storyboard in Resources */ = {isa = PBXBuildFile; fileRef = 36CD29DA1CCF19BF00F98AE2 /* Main.storyboard */; };
		36CD29DE1CCF19BF00F98AE2 /* Assets.xcassets in Resources */ = {isa = PBXBuildFile; fileRef = 36CD29DD1CCF19BF00F98AE2 /* Assets.xcassets */; };
		36CD29E11CCF19BF00F98AE2 /* LaunchScreen.storyboard in Resources */ = {isa = PBXBuildFile; fileRef = 36CD29DF1CCF19BF00F98AE2 /* LaunchScreen.storyboard */; };
		36CD2A2A1CCF1A4900F98AE2 /* MJRefresh.bundle in Resources */ = {isa = PBXBuildFile; fileRef = 36CD29F01CCF1A4900F98AE2 /* MJRefresh.bundle */; };
		36CD2A2B1CCF1A4900F98AE2 /* MJRefreshComponent.m in Sources */ = {isa = PBXBuildFile; fileRef = 36CD29F31CCF1A4900F98AE2 /* MJRefreshComponent.m */; };
		36CD2A2C1CCF1A4900F98AE2 /* MJRefreshConst.m in Sources */ = {isa = PBXBuildFile; fileRef = 36CD29F51CCF1A4900F98AE2 /* MJRefreshConst.m */; };
		36CD2A2D1CCF1A4900F98AE2 /* MJRefreshFooter.m in Sources */ = {isa = PBXBuildFile; fileRef = 36CD29F71CCF1A4900F98AE2 /* MJRefreshFooter.m */; };
		36CD2A2E1CCF1A4900F98AE2 /* MJRefreshGifFooter.m in Sources */ = {isa = PBXBuildFile; fileRef = 36CD29F91CCF1A4900F98AE2 /* MJRefreshGifFooter.m */; };
		36CD2A2F1CCF1A4900F98AE2 /* MJRefreshGifHeader.m in Sources */ = {isa = PBXBuildFile; fileRef = 36CD29FB1CCF1A4900F98AE2 /* MJRefreshGifHeader.m */; };
		36CD2A301CCF1A4900F98AE2 /* MJRefreshHeader.m in Sources */ = {isa = PBXBuildFile; fileRef = 36CD29FD1CCF1A4900F98AE2 /* MJRefreshHeader.m */; };
		36CD2A311CCF1A4900F98AE2 /* MJRefreshLegendFooter.m in Sources */ = {isa = PBXBuildFile; fileRef = 36CD29FF1CCF1A4900F98AE2 /* MJRefreshLegendFooter.m */; };
		36CD2A321CCF1A4900F98AE2 /* MJRefreshLegendHeader.m in Sources */ = {isa = PBXBuildFile; fileRef = 36CD2A011CCF1A4900F98AE2 /* MJRefreshLegendHeader.m */; };
		36CD2A331CCF1A4900F98AE2 /* UIScrollView+MJExtension.m in Sources */ = {isa = PBXBuildFile; fileRef = 36CD2A031CCF1A4900F98AE2 /* UIScrollView+MJExtension.m */; };
		36CD2A341CCF1A4900F98AE2 /* UIScrollView+MJRefresh.m in Sources */ = {isa = PBXBuildFile; fileRef = 36CD2A051CCF1A4900F98AE2 /* UIScrollView+MJRefresh.m */; };
		36CD2A351CCF1A4900F98AE2 /* UIView+MJExtension.m in Sources */ = {isa = PBXBuildFile; fileRef = 36CD2A071CCF1A4900F98AE2 /* UIView+MJExtension.m */; };
		36CD2A361CCF1A4900F98AE2 /* MKAnnotationView+WebCache.m in Sources */ = {isa = PBXBuildFile; fileRef = 36CD2A0A1CCF1A4900F98AE2 /* MKAnnotationView+WebCache.m */; };
		36CD2A371CCF1A4900F98AE2 /* NSData+ImageContentType.m in Sources */ = {isa = PBXBuildFile; fileRef = 36CD2A0C1CCF1A4900F98AE2 /* NSData+ImageContentType.m */; };
		36CD2A381CCF1A4900F98AE2 /* SDImageCache.m in Sources */ = {isa = PBXBuildFile; fileRef = 36CD2A0E1CCF1A4900F98AE2 /* SDImageCache.m */; };
		36CD2A391CCF1A4900F98AE2 /* SDWebImageCompat.m in Sources */ = {isa = PBXBuildFile; fileRef = 36CD2A101CCF1A4900F98AE2 /* SDWebImageCompat.m */; };
		36CD2A3A1CCF1A4900F98AE2 /* SDWebImageDecoder.m in Sources */ = {isa = PBXBuildFile; fileRef = 36CD2A121CCF1A4900F98AE2 /* SDWebImageDecoder.m */; };
		36CD2A3B1CCF1A4900F98AE2 /* SDWebImageDownloader.m in Sources */ = {isa = PBXBuildFile; fileRef = 36CD2A141CCF1A4900F98AE2 /* SDWebImageDownloader.m */; };
		36CD2A3C1CCF1A4900F98AE2 /* SDWebImageDownloaderOperation.m in Sources */ = {isa = PBXBuildFile; fileRef = 36CD2A161CCF1A4900F98AE2 /* SDWebImageDownloaderOperation.m */; };
		36CD2A3D1CCF1A4900F98AE2 /* SDWebImageManager.m in Sources */ = {isa = PBXBuildFile; fileRef = 36CD2A181CCF1A4900F98AE2 /* SDWebImageManager.m */; };
		36CD2A3E1CCF1A4900F98AE2 /* SDWebImagePrefetcher.m in Sources */ = {isa = PBXBuildFile; fileRef = 36CD2A1B1CCF1A4900F98AE2 /* SDWebImagePrefetcher.m */; };
		36CD2A3F1CCF1A4900F98AE2 /* UIButton+WebCache.m in Sources */ = {isa = PBXBuildFile; fileRef = 36CD2A1D1CCF1A4900F98AE2 /* UIButton+WebCache.m */; };
		36CD2A401CCF1A4900F98AE2 /* UIImage+GIF.m in Sources */ = {isa = PBXBuildFile; fileRef = 36CD2A1F1CCF1A4900F98AE2 /* UIImage+GIF.m */; };
		36CD2A411CCF1A4900F98AE2 /* UIImage+MultiFormat.m in Sources */ = {isa = PBXBuildFile; fileRef = 36CD2A211CCF1A4900F98AE2 /* UIImage+MultiFormat.m */; };
		36CD2A421CCF1A4900F98AE2 /* UIImage+WebP.m in Sources */ = {isa = PBXBuildFile; fileRef = 36CD2A231CCF1A4900F98AE2 /* UIImage+WebP.m */; };
		36CD2A431CCF1A4900F98AE2 /* UIImageView+HighlightedWebCache.m in Sources */ = {isa = PBXBuildFile; fileRef = 36CD2A251CCF1A4900F98AE2 /* UIImageView+HighlightedWebCache.m */; };
		36CD2A441CCF1A4900F98AE2 /* UIImageView+WebCache.m in Sources */ = {isa = PBXBuildFile; fileRef = 36CD2A271CCF1A4900F98AE2 /* UIImageView+WebCache.m */; };
		36CD2A451CCF1A4900F98AE2 /* UIView+WebCacheOperation.m in Sources */ = {isa = PBXBuildFile; fileRef = 36CD2A291CCF1A4900F98AE2 /* UIView+WebCacheOperation.m */; };
		36CD2A491CCF1A5600F98AE2 /* OOShopCell.swift in Sources */ = {isa = PBXBuildFile; fileRef = 36CD2A461CCF1A5600F98AE2 /* OOShopCell.swift */; };
		36CD2A4A1CCF1A5600F98AE2 /* OOShopCell.xib in Resources */ = {isa = PBXBuildFile; fileRef = 36CD2A471CCF1A5600F98AE2 /* OOShopCell.xib */; };
		36CD2A4B1CCF1A5600F98AE2 /* OOWaterflowLayout.swift in Sources */ = {isa = PBXBuildFile; fileRef = 36CD2A481CCF1A5600F98AE2 /* OOWaterflowLayout.swift */; };
/* End PBXBuildFile section */

/* Begin PBXFileReference section */
		36CD29D31CCF19BF00F98AE2 /* SwiftWaterfall.app */ = {isa = PBXFileReference; explicitFileType = wrapper.application; includeInIndex = 0; path = SwiftWaterfall.app; sourceTree = BUILT_PRODUCTS_DIR; };
		36CD29D61CCF19BF00F98AE2 /* AppDelegate.swift */ = {isa = PBXFileReference; lastKnownFileType = sourcecode.swift; path = AppDelegate.swift; sourceTree = "<group>"; };
		36CD29D81CCF19BF00F98AE2 /* ViewController.swift */ = {isa = PBXFileReference; lastKnownFileType = sourcecode.swift; path = ViewController.swift; sourceTree = "<group>"; };
		36CD29DB1CCF19BF00F98AE2 /* Base */ = {isa = PBXFileReference; lastKnownFileType = file.storyboard; name = Base; path = Base.lproj/Main.storyboard; sourceTree = "<group>"; };
		36CD29DD1CCF19BF00F98AE2 /* Assets.xcassets */ = {isa = PBXFileReference; lastKnownFileType = folder.assetcatalog; path = Assets.xcassets; sourceTree = "<group>"; };
		36CD29E01CCF19BF00F98AE2 /* Base */ = {isa = PBXFileReference; lastKnownFileType = file.storyboard; name = Base; path = Base.lproj/LaunchScreen.storyboard; sourceTree = "<group>"; };
		36CD29E21CCF19BF00F98AE2 /* Info.plist */ = {isa = PBXFileReference; lastKnownFileType = text.plist.xml; path = Info.plist; sourceTree = "<group>"; };
		36CD29EA1CCF1A2000F98AE2 /* SwiftWaterfall-Bridging-Header.h */ = {isa = PBXFileReference; lastKnownFileType = sourcecode.c.h; path = "SwiftWaterfall-Bridging-Header.h"; sourceTree = "<group>"; };
		36CD29F01CCF1A4900F98AE2 /* MJRefresh.bundle */ = {isa = PBXFileReference; lastKnownFileType = "wrapper.plug-in"; path = MJRefresh.bundle; sourceTree = "<group>"; };
		36CD29F11CCF1A4900F98AE2 /* MJRefresh.h */ = {isa = PBXFileReference; fileEncoding = 4; lastKnownFileType = sourcecode.c.h; path = MJRefresh.h; sourceTree = "<group>"; };
		36CD29F21CCF1A4900F98AE2 /* MJRefreshComponent.h */ = {isa = PBXFileReference; fileEncoding = 4; lastKnownFileType = sourcecode.c.h; path = MJRefreshComponent.h; sourceTree = "<group>"; };
		36CD29F31CCF1A4900F98AE2 /* MJRefreshComponent.m */ = {isa = PBXFileReference; fileEncoding = 4; lastKnownFileType = sourcecode.c.objc; path = MJRefreshComponent.m; sourceTree = "<group>"; };
		36CD29F41CCF1A4900F98AE2 /* MJRefreshConst.h */ = {isa = PBXFileReference; fileEncoding = 4; lastKnownFileType = sourcecode.c.h; path = MJRefreshConst.h; sourceTree = "<group>"; };
		36CD29F51CCF1A4900F98AE2 /* MJRefreshConst.m */ = {isa = PBXFileReference; fileEncoding = 4; lastKnownFileType = sourcecode.c.objc; path = MJRefreshConst.m; sourceTree = "<group>"; };
		36CD29F61CCF1A4900F98AE2 /* MJRefreshFooter.h */ = {isa = PBXFileReference; fileEncoding = 4; lastKnownFileType = sourcecode.c.h; path = MJRefreshFooter.h; sourceTree = "<group>"; };
		36CD29F71CCF1A4900F98AE2 /* MJRefreshFooter.m */ = {isa = PBXFileReference; fileEncoding = 4; lastKnownFileType = sourcecode.c.objc; path = MJRefreshFooter.m; sourceTree = "<group>"; };
		36CD29F81CCF1A4900F98AE2 /* MJRefreshGifFooter.h */ = {isa = PBXFileReference; fileEncoding = 4; lastKnownFileType = sourcecode.c.h; path = MJRefreshGifFooter.h; sourceTree = "<group>"; };
		36CD29F91CCF1A4900F98AE2 /* MJRefreshGifFooter.m */ = {isa = PBXFileReference; fileEncoding = 4; lastKnownFileType = sourcecode.c.objc; path = MJRefreshGifFooter.m; sourceTree = "<group>"; };
		36CD29FA1CCF1A4900F98AE2 /* MJRefreshGifHeader.h */ = {isa = PBXFileReference; fileEncoding = 4; lastKnownFileType = sourcecode.c.h; path = MJRefreshGifHeader.h; sourceTree = "<group>"; };
		36CD29FB1CCF1A4900F98AE2 /* MJRefreshGifHeader.m */ = {isa = PBXFileReference; fileEncoding = 4; lastKnownFileType = sourcecode.c.objc; path = MJRefreshGifHeader.m; sourceTree = "<group>"; };
		36CD29FC1CCF1A4900F98AE2 /* MJRefreshHeader.h */ = {isa = PBXFileReference; fileEncoding = 4; lastKnownFileType = sourcecode.c.h; path = MJRefreshHeader.h; sourceTree = "<group>"; };
		36CD29FD1CCF1A4900F98AE2 /* MJRefreshHeader.m */ = {isa = PBXFileReference; fileEncoding = 4; lastKnownFileType = sourcecode.c.objc; path = MJRefreshHeader.m; sourceTree = "<group>"; };
		36CD29FE1CCF1A4900F98AE2 /* MJRefreshLegendFooter.h */ = {isa = PBXFileReference; fileEncoding = 4; lastKnownFileType = sourcecode.c.h; path = MJRefreshLegendFooter.h; sourceTree = "<group>"; };
		36CD29FF1CCF1A4900F98AE2 /* MJRefreshLegendFooter.m */ = {isa = PBXFileReference; fileEncoding = 4; lastKnownFileType = sourcecode.c.objc; path = MJRefreshLegendFooter.m; sourceTree = "<group>"; };
		36CD2A001CCF1A4900F98AE2 /* MJRefreshLegendHeader.h */ = {isa = PBXFileReference; fileEncoding = 4; lastKnownFileType = sourcecode.c.h; path = MJRefreshLegendHeader.h; sourceTree = "<group>"; };
		36CD2A011CCF1A4900F98AE2 /* MJRefreshLegendHeader.m */ = {isa = PBXFileReference; fileEncoding = 4; lastKnownFileType = sourcecode.c.objc; path = MJRefreshLegendHeader.m; sourceTree = "<group>"; };
		36CD2A021CCF1A4900F98AE2 /* UIScrollView+MJExtension.h */ = {isa = PBXFileReference; fileEncoding = 4; lastKnownFileType = sourcecode.c.h; path = "UIScrollView+MJExtension.h"; sourceTree = "<group>"; };
		36CD2A031CCF1A4900F98AE2 /* UIScrollView+MJExtension.m */ = {isa = PBXFileReference; fileEncoding = 4; lastKnownFileType = sourcecode.c.objc; path = "UIScrollView+MJExtension.m"; sourceTree = "<group>"; };
		36CD2A041CCF1A4900F98AE2 /* UIScrollView+MJRefresh.h */ = {isa = PBXFileReference; fileEncoding = 4; lastKnownFileType = sourcecode.c.h; path = "UIScrollView+MJRefresh.h"; sourceTree = "<group>"; };
		36CD2A051CCF1A4900F98AE2 /* UIScrollView+MJRefresh.m */ = {isa = PBXFileReference; fileEncoding = 4; lastKnownFileType = sourcecode.c.objc; path = "UIScrollView+MJRefresh.m"; sourceTree = "<group>"; };
		36CD2A061CCF1A4900F98AE2 /* UIView+MJExtension.h */ = {isa = PBXFileReference; fileEncoding = 4; lastKnownFileType = sourcecode.c.h; path = "UIView+MJExtension.h"; sourceTree = "<group>"; };
		36CD2A071CCF1A4900F98AE2 /* UIView+MJExtension.m */ = {isa = PBXFileReference; fileEncoding = 4; lastKnownFileType = sourcecode.c.objc; path = "UIView+MJExtension.m"; sourceTree = "<group>"; };
		36CD2A091CCF1A4900F98AE2 /* MKAnnotationView+WebCache.h */ = {isa = PBXFileReference; fileEncoding = 4; lastKnownFileType = sourcecode.c.h; path = "MKAnnotationView+WebCache.h"; sourceTree = "<group>"; };
		36CD2A0A1CCF1A4900F98AE2 /* MKAnnotationView+WebCache.m */ = {isa = PBXFileReference; fileEncoding = 4; lastKnownFileType = sourcecode.c.objc; path = "MKAnnotationView+WebCache.m"; sourceTree = "<group>"; };
		36CD2A0B1CCF1A4900F98AE2 /* NSData+ImageContentType.h */ = {isa = PBXFileReference; fileEncoding = 4; lastKnownFileType = sourcecode.c.h; path = "NSData+ImageContentType.h"; sourceTree = "<group>"; };
		36CD2A0C1CCF1A4900F98AE2 /* NSData+ImageContentType.m */ = {isa = PBXFileReference; fileEncoding = 4; lastKnownFileType = sourcecode.c.objc; path = "NSData+ImageContentType.m"; sourceTree = "<group>"; };
		36CD2A0D1CCF1A4900F98AE2 /* SDImageCache.h */ = {isa = PBXFileReference; fileEncoding = 4; lastKnownFileType = sourcecode.c.h; path = SDImageCache.h; sourceTree = "<group>"; };
		36CD2A0E1CCF1A4900F98AE2 /* SDImageCache.m */ = {isa = PBXFileReference; fileEncoding = 4; lastKnownFileType = sourcecode.c.objc; path = SDImageCache.m; sourceTree = "<group>"; };
		36CD2A0F1CCF1A4900F98AE2 /* SDWebImageCompat.h */ = {isa = PBXFileReference; fileEncoding = 4; lastKnownFileType = sourcecode.c.h; path = SDWebImageCompat.h; sourceTree = "<group>"; };
		36CD2A101CCF1A4900F98AE2 /* SDWebImageCompat.m */ = {isa = PBXFileReference; fileEncoding = 4; lastKnownFileType = sourcecode.c.objc; path = SDWebImageCompat.m; sourceTree = "<group>"; };
		36CD2A111CCF1A4900F98AE2 /* SDWebImageDecoder.h */ = {isa = PBXFileReference; fileEncoding = 4; lastKnownFileType = sourcecode.c.h; path = SDWebImageDecoder.h; sourceTree = "<group>"; };
		36CD2A121CCF1A4900F98AE2 /* SDWebImageDecoder.m */ = {isa = PBXFileReference; fileEncoding = 4; lastKnownFileType = sourcecode.c.objc; path = SDWebImageDecoder.m; sourceTree = "<group>"; };
		36CD2A131CCF1A4900F98AE2 /* SDWebImageDownloader.h */ = {isa = PBXFileReference; fileEncoding = 4; lastKnownFileType = sourcecode.c.h; path = SDWebImageDownloader.h; sourceTree = "<group>"; };
		36CD2A141CCF1A4900F98AE2 /* SDWebImageDownloader.m */ = {isa = PBXFileReference; fileEncoding = 4; lastKnownFileType = sourcecode.c.objc; path = SDWebImageDownloader.m; sourceTree = "<group>"; };
		36CD2A151CCF1A4900F98AE2 /* SDWebImageDownloaderOperation.h */ = {isa = PBXFileReference; fileEncoding = 4; lastKnownFileType = sourcecode.c.h; path = SDWebImageDownloaderOperation.h; sourceTree = "<group>"; };
		36CD2A161CCF1A4900F98AE2 /* SDWebImageDownloaderOperation.m */ = {isa = PBXFileReference; fileEncoding = 4; lastKnownFileType = sourcecode.c.objc; path = SDWebImageDownloaderOperation.m; sourceTree = "<group>"; };
		36CD2A171CCF1A4900F98AE2 /* SDWebImageManager.h */ = {isa = PBXFileReference; fileEncoding = 4; lastKnownFileType = sourcecode.c.h; path = SDWebImageManager.h; sourceTree = "<group>"; };
		36CD2A181CCF1A4900F98AE2 /* SDWebImageManager.m */ = {isa = PBXFileReference; fileEncoding = 4; lastKnownFileType = sourcecode.c.objc; path = SDWebImageManager.m; sourceTree = "<group>"; };
		36CD2A191CCF1A4900F98AE2 /* SDWebImageOperation.h */ = {isa = PBXFileReference; fileEncoding = 4; lastKnownFileType = sourcecode.c.h; path = SDWebImageOperation.h; sourceTree = "<group>"; };
		36CD2A1A1CCF1A4900F98AE2 /* SDWebImagePrefetcher.h */ = {isa = PBXFileReference; fileEncoding = 4; lastKnownFileType = sourcecode.c.h; path = SDWebImagePrefetcher.h; sourceTree = "<group>"; };
		36CD2A1B1CCF1A4900F98AE2 /* SDWebImagePrefetcher.m */ = {isa = PBXFileReference; fileEncoding = 4; lastKnownFileType = sourcecode.c.objc; path = SDWebImagePrefetcher.m; sourceTree = "<group>"; };
		36CD2A1C1CCF1A4900F98AE2 /* UIButton+WebCache.h */ = {isa = PBXFileReference; fileEncoding = 4; lastKnownFileType = sourcecode.c.h; path = "UIButton+WebCache.h"; sourceTree = "<group>"; };
		36CD2A1D1CCF1A4900F98AE2 /* UIButton+WebCache.m */ = {isa = PBXFileReference; fileEncoding = 4; lastKnownFileType = sourcecode.c.objc; path = "UIButton+WebCache.m"; sourceTree = "<group>"; };
		36CD2A1E1CCF1A4900F98AE2 /* UIImage+GIF.h */ = {isa = PBXFileReference; fileEncoding = 4; lastKnownFileType = sourcecode.c.h; path = "UIImage+GIF.h"; sourceTree = "<group>"; };
		36CD2A1F1CCF1A4900F98AE2 /* UIImage+GIF.m */ = {isa = PBXFileReference; fileEncoding = 4; lastKnownFileType = sourcecode.c.objc; path = "UIImage+GIF.m"; sourceTree = "<group>"; };
		36CD2A201CCF1A4900F98AE2 /* UIImage+MultiFormat.h */ = {isa = PBXFileReference; fileEncoding = 4; lastKnownFileType = sourcecode.c.h; path = "UIImage+MultiFormat.h"; sourceTree = "<group>"; };
		36CD2A211CCF1A4900F98AE2 /* UIImage+MultiFormat.m */ = {isa = PBXFileReference; fileEncoding = 4; lastKnownFileType = sourcecode.c.objc; path = "UIImage+MultiFormat.m"; sourceTree = "<group>"; };
		36CD2A221CCF1A4900F98AE2 /* UIImage+WebP.h */ = {isa = PBXFileReference; fileEncoding = 4; lastKnownFileType = sourcecode.c.h; path = "UIImage+WebP.h"; sourceTree = "<group>"; };
		36CD2A231CCF1A4900F98AE2 /* UIImage+WebP.m */ = {isa = PBXFileReference; fileEncoding = 4; lastKnownFileType = sourcecode.c.objc; path = "UIImage+WebP.m"; sourceTree = "<group>"; };
		36CD2A241CCF1A4900F98AE2 /* UIImageView+HighlightedWebCache.h */ = {isa = PBXFileReference; fileEncoding = 4; lastKnownFileType = sourcecode.c.h; path = "UIImageView+HighlightedWebCache.h"; sourceTree = "<group>"; };
		36CD2A251CCF1A4900F98AE2 /* UIImageView+HighlightedWebCache.m */ = {isa = PBXFileReference; fileEncoding = 4; lastKnownFileType = sourcecode.c.objc; path = "UIImageView+HighlightedWebCache.m"; sourceTree = "<group>"; };
		36CD2A261CCF1A4900F98AE2 /* UIImageView+WebCache.h */ = {isa = PBXFileReference; fileEncoding = 4; lastKnownFileType = sourcecode.c.h; path = "UIImageView+WebCache.h"; sourceTree = "<group>"; };
		36CD2A271CCF1A4900F98AE2 /* UIImageView+WebCache.m */ = {isa = PBXFileReference; fileEncoding = 4; lastKnownFileType = sourcecode.c.objc; path = "UIImageView+WebCache.m"; sourceTree = "<group>"; };
		36CD2A281CCF1A4900F98AE2 /* UIView+WebCacheOperation.h */ = {isa = PBXFileReference; fileEncoding = 4; lastKnownFileType = sourcecode.c.h; path = "UIView+WebCacheOperation.h"; sourceTree = "<group>"; };
		36CD2A291CCF1A4900F98AE2 /* UIView+WebCacheOperation.m */ = {isa = PBXFileReference; fileEncoding = 4; lastKnownFileType = sourcecode.c.objc; path = "UIView+WebCacheOperation.m"; sourceTree = "<group>"; };
		36CD2A461CCF1A5600F98AE2 /* OOShopCell.swift */ = {isa = PBXFileReference; fileEncoding = 4; lastKnownFileType = sourcecode.swift; path = OOShopCell.swift; sourceTree = "<group>"; };
		36CD2A471CCF1A5600F98AE2 /* OOShopCell.xib */ = {isa = PBXFileReference; fileEncoding = 4; lastKnownFileType = file.xib; path = OOShopCell.xib; sourceTree = "<group>"; };
		36CD2A481CCF1A5600F98AE2 /* OOWaterflowLayout.swift */ = {isa = PBXFileReference; fileEncoding = 4; lastKnownFileType = sourcecode.swift; path = OOWaterflowLayout.swift; sourceTree = "<group>"; };
/* End PBXFileReference section */

/* Begin PBXFrameworksBuildPhase section */
		36CD29D01CCF19BF00F98AE2 /* Frameworks */ = {
			isa = PBXFrameworksBuildPhase;
			buildActionMask = 2147483647;
			files = (
			);
			runOnlyForDeploymentPostprocessing = 0;
		};
/* End PBXFrameworksBuildPhase section */

/* Begin PBXGroup section */
		36CD29CA1CCF19BF00F98AE2 = {
			isa = PBXGroup;
			children = (
				36CD29D51CCF19BF00F98AE2 /* SwiftWaterfall */,
				36CD29D41CCF19BF00F98AE2 /* Products */,
			);
			sourceTree = "<group>";
		};
		36CD29D41CCF19BF00F98AE2 /* Products */ = {
			isa = PBXGroup;
			children = (
				36CD29D31CCF19BF00F98AE2 /* SwiftWaterfall.app */,
			);
			name = Products;
			sourceTree = "<group>";
		};
		36CD29D51CCF19BF00F98AE2 /* SwiftWaterfall */ = {
			isa = PBXGroup;
			children = (
				36CD29EE1CCF1A4900F98AE2 /* Lib */,
				36CD29D61CCF19BF00F98AE2 /* AppDelegate.swift */,
				36CD2A461CCF1A5600F98AE2 /* OOShopCell.swift */,
				36CD2A471CCF1A5600F98AE2 /* OOShopCell.xib */,
				36CD2A481CCF1A5600F98AE2 /* OOWaterflowLayout.swift */,
				36CD29D81CCF19BF00F98AE2 /* ViewController.swift */,
				36CD29DA1CCF19BF00F98AE2 /* Main.storyboard */,
				36CD29DD1CCF19BF00F98AE2 /* Assets.xcassets */,
				36CD29DF1CCF19BF00F98AE2 /* LaunchScreen.storyboard */,
				36CD29E21CCF19BF00F98AE2 /* Info.plist */,
				36CD29EA1CCF1A2000F98AE2 /* SwiftWaterfall-Bridging-Header.h */,
			);
			path = SwiftWaterfall;
			sourceTree = "<group>";
		};
		36CD29EE1CCF1A4900F98AE2 /* Lib */ = {
			isa = PBXGroup;
			children = (
				36CD29EF1CCF1A4900F98AE2 /* MJRefresh */,
				36CD2A081CCF1A4900F98AE2 /* SDWebImage */,
			);
			path = Lib;
			sourceTree = "<group>";
		};
		36CD29EF1CCF1A4900F98AE2 /* MJRefresh */ = {
			isa = PBXGroup;
			children = (
				36CD29F01CCF1A4900F98AE2 /* MJRefresh.bundle */,
				36CD29F11CCF1A4900F98AE2 /* MJRefresh.h */,
				36CD29F21CCF1A4900F98AE2 /* MJRefreshComponent.h */,
				36CD29F31CCF1A4900F98AE2 /* MJRefreshComponent.m */,
				36CD29F41CCF1A4900F98AE2 /* MJRefreshConst.h */,
				36CD29F51CCF1A4900F98AE2 /* MJRefreshConst.m */,
				36CD29F61CCF1A4900F98AE2 /* MJRefreshFooter.h */,
				36CD29F71CCF1A4900F98AE2 /* MJRefreshFooter.m */,
				36CD29F81CCF1A4900F98AE2 /* MJRefreshGifFooter.h */,
				36CD29F91CCF1A4900F98AE2 /* MJRefreshGifFooter.m */,
				36CD29FA1CCF1A4900F98AE2 /* MJRefreshGifHeader.h */,
				36CD29FB1CCF1A4900F98AE2 /* MJRefreshGifHeader.m */,
				36CD29FC1CCF1A4900F98AE2 /* MJRefreshHeader.h */,
				36CD29FD1CCF1A4900F98AE2 /* MJRefreshHeader.m */,
				36CD29FE1CCF1A4900F98AE2 /* MJRefreshLegendFooter.h */,
				36CD29FF1CCF1A4900F98AE2 /* MJRefreshLegendFooter.m */,
				36CD2A001CCF1A4900F98AE2 /* MJRefreshLegendHeader.h */,
				36CD2A011CCF1A4900F98AE2 /* MJRefreshLegendHeader.m */,
				36CD2A021CCF1A4900F98AE2 /* UIScrollView+MJExtension.h */,
				36CD2A031CCF1A4900F98AE2 /* UIScrollView+MJExtension.m */,
				36CD2A041CCF1A4900F98AE2 /* UIScrollView+MJRefresh.h */,
				36CD2A051CCF1A4900F98AE2 /* UIScrollView+MJRefresh.m */,
				36CD2A061CCF1A4900F98AE2 /* UIView+MJExtension.h */,
				36CD2A071CCF1A4900F98AE2 /* UIView+MJExtension.m */,
			);
			path = MJRefresh;
			sourceTree = "<group>";
		};
		36CD2A081CCF1A4900F98AE2 /* SDWebImage */ = {
			isa = PBXGroup;
			children = (
				36CD2A091CCF1A4900F98AE2 /* MKAnnotationView+WebCache.h */,
				36CD2A0A1CCF1A4900F98AE2 /* MKAnnotationView+WebCache.m */,
				36CD2A0B1CCF1A4900F98AE2 /* NSData+ImageContentType.h */,
				36CD2A0C1CCF1A4900F98AE2 /* NSData+ImageContentType.m */,
				36CD2A0D1CCF1A4900F98AE2 /* SDImageCache.h */,
				36CD2A0E1CCF1A4900F98AE2 /* SDImageCache.m */,
				36CD2A0F1CCF1A4900F98AE2 /* SDWebImageCompat.h */,
				36CD2A101CCF1A4900F98AE2 /* SDWebImageCompat.m */,
				36CD2A111CCF1A4900F98AE2 /* SDWebImageDecoder.h */,
				36CD2A121CCF1A4900F98AE2 /* SDWebImageDecoder.m */,
				36CD2A131CCF1A4900F98AE2 /* SDWebImageDownloader.h */,
				36CD2A141CCF1A4900F98AE2 /* SDWebImageDownloader.m */,
				36CD2A151CCF1A4900F98AE2 /* SDWebImageDownloaderOperation.h */,
				36CD2A161CCF1A4900F98AE2 /* SDWebImageDownloaderOperation.m */,
				36CD2A171CCF1A4900F98AE2 /* SDWebImageManager.h */,
				36CD2A181CCF1A4900F98AE2 /* SDWebImageManager.m */,
				36CD2A191CCF1A4900F98AE2 /* SDWebImageOperation.h */,
				36CD2A1A1CCF1A4900F98AE2 /* SDWebImagePrefetcher.h */,
				36CD2A1B1CCF1A4900F98AE2 /* SDWebImagePrefetcher.m */,
				36CD2A1C1CCF1A4900F98AE2 /* UIButton+WebCache.h */,
				36CD2A1D1CCF1A4900F98AE2 /* UIButton+WebCache.m */,
				36CD2A1E1CCF1A4900F98AE2 /* UIImage+GIF.h */,
				36CD2A1F1CCF1A4900F98AE2 /* UIImage+GIF.m */,
				36CD2A201CCF1A4900F98AE2 /* UIImage+MultiFormat.h */,
				36CD2A211CCF1A4900F98AE2 /* UIImage+MultiFormat.m */,
				36CD2A221CCF1A4900F98AE2 /* UIImage+WebP.h */,
				36CD2A231CCF1A4900F98AE2 /* UIImage+WebP.m */,
				36CD2A241CCF1A4900F98AE2 /* UIImageView+HighlightedWebCache.h */,
				36CD2A251CCF1A4900F98AE2 /* UIImageView+HighlightedWebCache.m */,
				36CD2A261CCF1A4900F98AE2 /* UIImageView+WebCache.h */,
				36CD2A271CCF1A4900F98AE2 /* UIImageView+WebCache.m */,
				36CD2A281CCF1A4900F98AE2 /* UIView+WebCacheOperation.h */,
				36CD2A291CCF1A4900F98AE2 /* UIView+WebCacheOperation.m */,
			);
			path = SDWebImage;
			sourceTree = "<group>";
		};
/* End PBXGroup section */

/* Begin PBXNativeTarget section */
		36CD29D21CCF19BF00F98AE2 /* SwiftWaterfall */ = {
			isa = PBXNativeTarget;
			buildConfigurationList = 36CD29E51CCF19BF00F98AE2 /* Build configuration list for PBXNativeTarget "SwiftWaterfall" */;
			buildPhases = (
				36CD29CF1CCF19BF00F98AE2 /* Sources */,
				36CD29D01CCF19BF00F98AE2 /* Frameworks */,
				36CD29D11CCF19BF00F98AE2 /* Resources */,
			);
			buildRules = (
			);
			dependencies = (
			);
			name = SwiftWaterfall;
			productName = SwiftWaterfall;
			productReference = 36CD29D31CCF19BF00F98AE2 /* SwiftWaterfall.app */;
			productType = "com.apple.product-type.application";
		};
/* End PBXNativeTarget section */

/* Begin PBXProject section */
		36CD29CB1CCF19BF00F98AE2 /* Project object */ = {
			isa = PBXProject;
			attributes = {
				LastSwiftUpdateCheck = 0720;
				LastUpgradeCheck = 0720;
				ORGANIZATIONNAME = "李伟";
				TargetAttributes = {
					36CD29D21CCF19BF00F98AE2 = {
						CreatedOnToolsVersion = 7.2;
					};
				};
			};
			buildConfigurationList = 36CD29CE1CCF19BF00F98AE2 /* Build configuration list for PBXProject "SwiftWaterfall" */;
			compatibilityVersion = "Xcode 3.2";
			developmentRegion = English;
			hasScannedForEncodings = 0;
			knownRegions = (
				en,
				Base,
			);
			mainGroup = 36CD29CA1CCF19BF00F98AE2;
			productRefGroup = 36CD29D41CCF19BF00F98AE2 /* Products */;
			projectDirPath = "";
			projectRoot = "";
			targets = (
				36CD29D21CCF19BF00F98AE2 /* SwiftWaterfall */,
			);
		};
/* End PBXProject section */

/* Begin PBXResourcesBuildPhase section */
		36CD29D11CCF19BF00F98AE2 /* Resources */ = {
			isa = PBXResourcesBuildPhase;
			buildActionMask = 2147483647;
			files = (
				36CD29E11CCF19BF00F98AE2 /* LaunchScreen.storyboard in Resources */,
				36CD2A4A1CCF1A5600F98AE2 /* OOShopCell.xib in Resources */,
				36CD29DE1CCF19BF00F98AE2 /* Assets.xcassets in Resources */,
				36CD2A2A1CCF1A4900F98AE2 /* MJRefresh.bundle in Resources */,
				36CD29DC1CCF19BF00F98AE2 /* Main.storyboard in Resources */,
			);
			runOnlyForDeploymentPostprocessing = 0;
		};
/* End PBXResourcesBuildPhase section */

/* Begin PBXSourcesBuildPhase section */
		36CD29CF1CCF19BF00F98AE2 /* Sources */ = {
			isa = PBXSourcesBuildPhase;
			buildActionMask = 2147483647;
			files = (
				36CD2A2C1CCF1A4900F98AE2 /* MJRefreshConst.m in Sources */,
				36CD2A421CCF1A4900F98AE2 /* UIImage+WebP.m in Sources */,
				36CD2A311CCF1A4900F98AE2 /* MJRefreshLegendFooter.m in Sources */,
				36CD29D91CCF19BF00F98AE2 /* ViewController.swift in Sources */,
				36CD2A2E1CCF1A4900F98AE2 /* MJRefreshGifFooter.m in Sources */,
				36CD2A301CCF1A4900F98AE2 /* MJRefreshHeader.m in Sources */,
				36CD2A2F1CCF1A4900F98AE2 /* MJRefreshGifHeader.m in Sources */,
				36CD2A3C1CCF1A4900F98AE2 /* SDWebImageDownloaderOperation.m in Sources */,
				36CD2A321CCF1A4900F98AE2 /* MJRefreshLegendHeader.m in Sources */,
				36CD2A381CCF1A4900F98AE2 /* SDImageCache.m in Sources */,
				36CD29D71CCF19BF00F98AE2 /* AppDelegate.swift in Sources */,
				36CD2A341CCF1A4900F98AE2 /* UIScrollView+MJRefresh.m in Sources */,
				36CD2A351CCF1A4900F98AE2 /* UIView+MJExtension.m in Sources */,
				36CD2A391CCF1A4900F98AE2 /* SDWebImageCompat.m in Sources */,
				36CD2A371CCF1A4900F98AE2 /* NSData+ImageContentType.m in Sources */,
				36CD2A331CCF1A4900F98AE2 /* UIScrollView+MJExtension.m in Sources */,
				36CD2A3D1CCF1A4900F98AE2 /* SDWebImageManager.m in Sources */,
				36CD2A3B1CCF1A4900F98AE2 /* SDWebImageDownloader.m in Sources */,
				36CD2A441CCF1A4900F98AE2 /* UIImageView+WebCache.m in Sources */,
				36CD2A4B1CCF1A5600F98AE2 /* OOWaterflowLayout.swift in Sources */,
				36CD2A431CCF1A4900F98AE2 /* UIImageView+HighlightedWebCache.m in Sources */,
				36CD2A361CCF1A4900F98AE2 /* MKAnnotationView+WebCache.m in Sources */,
				36CD2A401CCF1A4900F98AE2 /* UIImage+GIF.m in Sources */,
				36CD2A2B1CCF1A4900F98AE2 /* MJRefreshComponent.m in Sources */,
				36CD2A3E1CCF1A4900F98AE2 /* SDWebImagePrefetcher.m in Sources */,
				36CD2A3F1CCF1A4900F98AE2 /* UIButton+WebCache.m in Sources */,
				36CD2A491CCF1A5600F98AE2 /* OOShopCell.swift in Sources */,
				36CD2A411CCF1A4900F98AE2 /* UIImage+MultiFormat.m in Sources */,
				36CD2A3A1CCF1A4900F98AE2 /* SDWebImageDecoder.m in Sources */,
				36CD2A451CCF1A4900F98AE2 /* UIView+WebCacheOperation.m in Sources */,
				36CD2A2D1CCF1A4900F98AE2 /* MJRefreshFooter.m in Sources */,
			);
			runOnlyForDeploymentPostprocessing = 0;
		};
/* End PBXSourcesBuildPhase section */

/* Begin PBXVariantGroup section */
		36CD29DA1CCF19BF00F98AE2 /* Main.storyboard */ = {
			isa = PBXVariantGroup;
			children = (
				36CD29DB1CCF19BF00F98AE2 /* Base */,
			);
			name = Main.storyboard;
			sourceTree = "<group>";
		};
		36CD29DF1CCF19BF00F98AE2 /* LaunchScreen.storyboard */ = {
			isa = PBXVariantGroup;
			children = (
				36CD29E01CCF19BF00F98AE2 /* Base */,
			);
			name = LaunchScreen.storyboard;
			sourceTree = "<group>";
		};
/* End PBXVariantGroup section */

/* Begin XCBuildConfiguration section */
		36CD29E31CCF19BF00F98AE2 /* Debug */ = {
			isa = XCBuildConfiguration;
			buildSettings = {
				ALWAYS_SEARCH_USER_PATHS = NO;
				CLANG_CXX_LANGUAGE_STANDARD = "gnu++0x";
				CLANG_CXX_LIBRARY = "libc++";
				CLANG_ENABLE_MODULES = YES;
				CLANG_ENABLE_OBJC_ARC = YES;
				CLANG_WARN_BOOL_CONVERSION = YES;
				CLANG_WARN_CONSTANT_CONVERSION = YES;
				CLANG_WARN_DIRECT_OBJC_ISA_USAGE = YES_ERROR;
				CLANG_WARN_EMPTY_BODY = YES;
				CLANG_WARN_ENUM_CONVERSION = YES;
				CLANG_WARN_INT_CONVERSION = YES;
				CLANG_WARN_OBJC_ROOT_CLASS = YES_ERROR;
				CLANG_WARN_UNREACHABLE_CODE = YES;
				CLANG_WARN__DUPLICATE_METHOD_MATCH = YES;
				"CODE_SIGN_IDENTITY[sdk=iphoneos*]" = "iPhone Developer";
				COPY_PHASE_STRIP = NO;
				DEBUG_INFORMATION_FORMAT = dwarf;
				ENABLE_STRICT_OBJC_MSGSEND = YES;
				ENABLE_TESTABILITY = YES;
				GCC_C_LANGUAGE_STANDARD = gnu99;
				GCC_DYNAMIC_NO_PIC = NO;
				GCC_NO_COMMON_BLOCKS = YES;
				GCC_OPTIMIZATION_LEVEL = 0;
				GCC_PREPROCESSOR_DEFINITIONS = (
					"DEBUG=1",
					"$(inherited)",
				);
				GCC_WARN_64_TO_32_BIT_CONVERSION = YES;
				GCC_WARN_ABOUT_RETURN_TYPE = YES_ERROR;
				GCC_WARN_UNDECLARED_SELECTOR = YES;
				GCC_WARN_UNINITIALIZED_AUTOS = YES_AGGRESSIVE;
				GCC_WARN_UNUSED_FUNCTION = YES;
				GCC_WARN_UNUSED_VARIABLE = YES;
				IPHONEOS_DEPLOYMENT_TARGET = 9.2;
				MTL_ENABLE_DEBUG_INFO = YES;
				ONLY_ACTIVE_ARCH = YES;
				SDKROOT = iphoneos;
				SWIFT_OPTIMIZATION_LEVEL = "-Onone";
			};
			name = Debug;
		};
		36CD29E41CCF19BF00F98AE2 /* Release */ = {
			isa = XCBuildConfiguration;
			buildSettings = {
				ALWAYS_SEARCH_USER_PATHS = NO;
				CLANG_CXX_LANGUAGE_STANDARD = "gnu++0x";
				CLANG_CXX_LIBRARY = "libc++";
				CLANG_ENABLE_MODULES = YES;
				CLANG_ENABLE_OBJC_ARC = YES;
				CLANG_WARN_BOOL_CONVERSION = YES;
				CLANG_WARN_CONSTANT_CONVERSION = YES;
				CLANG_WARN_DIRECT_OBJC_ISA_USAGE = YES_ERROR;
				CLANG_WARN_EMPTY_BODY = YES;
				CLANG_WARN_ENUM_CONVERSION = YES;
				CLANG_WARN_INT_CONVERSION = YES;
				CLANG_WARN_OBJC_ROOT_CLASS = YES_ERROR;
				CLANG_WARN_UNREACHABLE_CODE = YES;
				CLANG_WARN__DUPLICATE_METHOD_MATCH = YES;
				"CODE_SIGN_IDENTITY[sdk=iphoneos*]" = "iPhone Developer";
				COPY_PHASE_STRIP = NO;
				DEBUG_INFORMATION_FORMAT = "dwarf-with-dsym";
				ENABLE_NS_ASSERTIONS = NO;
				ENABLE_STRICT_OBJC_MSGSEND = YES;
				GCC_C_LANGUAGE_STANDARD = gnu99;
				GCC_NO_COMMON_BLOCKS = YES;
				GCC_WARN_64_TO_32_BIT_CONVERSION = YES;
				GCC_WARN_ABOUT_RETURN_TYPE = YES_ERROR;
				GCC_WARN_UNDECLARED_SELECTOR = YES;
				GCC_WARN_UNINITIALIZED_AUTOS = YES_AGGRESSIVE;
				GCC_WARN_UNUSED_FUNCTION = YES;
				GCC_WARN_UNUSED_VARIABLE = YES;
				IPHONEOS_DEPLOYMENT_TARGET = 9.2;
				MTL_ENABLE_DEBUG_INFO = NO;
				SDKROOT = iphoneos;
				VALIDATE_PRODUCT = YES;
			};
			name = Release;
		};
		36CD29E61CCF19BF00F98AE2 /* Debug */ = {
			isa = XCBuildConfiguration;
			buildSettings = {
				ASSETCATALOG_COMPILER_APPICON_NAME = AppIcon;
				CLANG_ENABLE_MODULES = YES;
				INFOPLIST_FILE = SwiftWaterfall/Info.plist;
				LD_RUNPATH_SEARCH_PATHS = "$(inherited) @executable_path/Frameworks";
				PRODUCT_BUNDLE_IDENTIFIER = com.kouclo.SwiftWaterfall;
				PRODUCT_NAME = "$(TARGET_NAME)";
				SWIFT_OBJC_BRIDGING_HEADER = "SwiftWaterfall/SwiftWaterfall-Bridging-Header.h";
				SWIFT_OPTIMIZATION_LEVEL = "-Onone";
			};
			name = Debug;
		};
		36CD29E71CCF19BF00F98AE2 /* Release */ = {
			isa = XCBuildConfiguration;
			buildSettings = {
				ASSETCATALOG_COMPILER_APPICON_NAME = AppIcon;
				CLANG_ENABLE_MODULES = YES;
				INFOPLIST_FILE = SwiftWaterfall/Info.plist;
				LD_RUNPATH_SEARCH_PATHS = "$(inherited) @executable_path/Frameworks";
				PRODUCT_BUNDLE_IDENTIFIER = com.kouclo.SwiftWaterfall;
				PRODUCT_NAME = "$(TARGET_NAME)";
				SWIFT_OBJC_BRIDGING_HEADER = "SwiftWaterfall/SwiftWaterfall-Bridging-Header.h";
			};
			name = Release;
		};
/* End XCBuildConfiguration section */

/* Begin XCConfigurationList section */
		36CD29CE1CCF19BF00F98AE2 /* Build configuration list for PBXProject "SwiftWaterfall" */ = {
			isa = XCConfigurationList;
			buildConfigurations = (
				36CD29E31CCF19BF00F98AE2 /* Debug */,
				36CD29E41CCF19BF00F98AE2 /* Release */,
			);
			defaultConfigurationIsVisible = 0;
			defaultConfigurationName = Release;
		};
		36CD29E51CCF19BF00F98AE2 /* Build configuration list for PBXNativeTarget "SwiftWaterfall" */ = {
			isa = XCConfigurationList;
			buildConfigurations = (
				36CD29E61CCF19BF00F98AE2 /* Debug */,
				36CD29E71CCF19BF00F98AE2 /* Release */,
			);
			defaultConfigurationIsVisible = 0;
		};
/* End XCConfigurationList section */
	};
	rootObject = 36CD29CB1CCF19BF00F98AE2 /* Project object */;
}
